
Microsoft Visual Studio Solution File, Format Version 12.00
# Visual Studio Version 16
VisualStudioVersion = 16.0.30907.101
MinimumVisualStudioVersion = 10.0.40219.1
Project("{FAE04EC0-301F-11D3-BF4B-00C04F79EFBC}") = "Entities", "Entities\Entities.csproj", "{C95DC1D4-CF88-4F98-958A-40ECDB926D64}"
EndProject
Project("{FAE04EC0-301F-11D3-BF4B-00C04F79EFBC}") = "DataAccess", "DataAccess\DataAccess.csproj", "{A03A1246-66B5-4C37-8C6A-CB255F34E8A3}"
EndProject
Project("{FAE04EC0-301F-11D3-BF4B-00C04F79EFBC}") = "Business", "Business\Business.csproj", "{DBEDBAF5-5DC1-4070-9689-5CF159E0AED2}"
EndProject
Project("{FAE04EC0-301F-11D3-BF4B-00C04F79EFBC}") = "ConsoleUI", "ConsoleUI\ConsoleUI.csproj", "{D70B937D-36D8-4881-96EE-B49C9B43C451}"
EndProject
Global
	GlobalSection(SolutionConfigurationPlatforms) = preSolution
		Debug|Any CPU = Debug|Any CPU
		Release|Any CPU = Release|Any CPU
	EndGlobalSection
	GlobalSection(ProjectConfigurationPlatforms) = postSolution
		{C95DC1D4-CF88-4F98-958A-40ECDB926D64}.Debug|Any CPU.ActiveCfg = Debug|Any CPU
		{C95DC1D4-CF88-4F98-958A-40ECDB926D64}.Debug|Any CPU.Build.0 = Debug|Any CPU
		{C95DC1D4-CF88-4F98-958A-40ECDB926D64}.Release|Any CPU.ActiveCfg = Release|Any CPU
		{C95DC1D4-CF88-4F98-958A-40ECDB926D64}.Release|Any CPU.Build.0 = Release|Any CPU
		{A03A1246-66B5-4C37-8C6A-CB255F34E8A3}.Debug|Any CPU.ActiveCfg = Debug|Any CPU
		{A03A1246-66B5-4C37-8C6A-CB255F34E8A3}.Debug|Any CPU.Build.0 = Debug|Any CPU
		{A03A1246-66B5-4C37-8C6A-CB255F34E8A3}.Release|Any CPU.ActiveCfg = Release|Any CPU
		{A03A1246-66B5-4C37-8C6A-CB255F34E8A3}.Release|Any CPU.Build.0 = Release|Any CPU
		{DBEDBAF5-5DC1-4070-9689-5CF159E0AED2}.Debug|Any CPU.ActiveCfg = Debug|Any CPU
		{DBEDBAF5-5DC1-4070-9689-5CF159E0AED2}.Debug|Any CPU.Build.0 = Debug|Any CPU
		{DBEDBAF5-5DC1-4070-9689-5CF159E0AED2}.Release|Any CPU.ActiveCfg = Release|Any CPU
		{DBEDBAF5-5DC1-4070-9689-5CF159E0AED2}.Release|Any CPU.Build.0 = Release|Any CPU
		{D70B937D-36D8-4881-96EE-B49C9B43C451}.Debug|Any CPU.ActiveCfg = Debug|Any CPU
		{D70B937D-36D8-4881-96EE-B49C9B43C451}.Debug|Any CPU.Build.0 = Debug|Any CPU
		{D70B937D-36D8-4881-96EE-B49C9B43C451}.Release|Any CPU.ActiveCfg = Release|Any CPU
		{D70B937D-36D8-4881-96EE-B49C9B43C451}.Release|Any CPU.Build.0 = Release|Any CPU
	EndGlobalSection
	GlobalSection(SolutionProperties) = preSolution
		HideSolutionNode = FALSE
	EndGlobalSection
	GlobalSection(ExtensibilityGlobals) = postSolution
		SolutionGuid = {A1E77587-01D5-4E4F-90E1-56CBA02E99BF}
	EndGlobalSection
EndGlobal
